// !$*UTF8*$!
{
	archiveVersion = 1;
	classes = {
	};
	objectVersion = 56;
	objects = {

/* Begin PBXBuildFile section */
		F5ED9A852B5C660500B54D52 /* QuotlyApp2App.swift in Sources */ = {isa = PBXBuildFile; fileRef = F5ED9A842B5C660500B54D52 /* QuotlyApp2App.swift */; };
		F5ED9A872B5C660500B54D52 /* ContentView.swift in Sources */ = {isa = PBXBuildFile; fileRef = F5ED9A862B5C660500B54D52 /* ContentView.swift */; };
		F5ED9A892B5C660700B54D52 /* Assets.xcassets in Resources */ = {isa = PBXBuildFile; fileRef = F5ED9A882B5C660700B54D52 /* Assets.xcassets */; };
		F5ED9A8C2B5C660700B54D52 /* Preview Assets.xcassets in Resources */ = {isa = PBXBuildFile; fileRef = F5ED9A8B2B5C660700B54D52 /* Preview Assets.xcassets */; };
		F5ED9A962B5C660700B54D52 /* QuotlyApp2Tests.swift in Sources */ = {isa = PBXBuildFile; fileRef = F5ED9A952B5C660700B54D52 /* QuotlyApp2Tests.swift */; };
		F5ED9AA02B5C660700B54D52 /* QuotlyApp2UITests.swift in Sources */ = {isa = PBXBuildFile; fileRef = F5ED9A9F2B5C660700B54D52 /* QuotlyApp2UITests.swift */; };
		F5ED9AA22B5C660700B54D52 /* QuotlyApp2UITestsLaunchTests.swift in Sources */ = {isa = PBXBuildFile; fileRef = F5ED9AA12B5C660700B54D52 /* QuotlyApp2UITestsLaunchTests.swift */; };
		F5ED9AAF2B5C68A800B54D52 /* QuoteView.swift in Sources */ = {isa = PBXBuildFile; fileRef = F5ED9AAE2B5C68A800B54D52 /* QuoteView.swift */; };
		F5ED9AB12B5C6AFF00B54D52 /* QuoteFetchResource.swift in Sources */ = {isa = PBXBuildFile; fileRef = F5ED9AB02B5C6AFF00B54D52 /* QuoteFetchResource.swift */; };
/* End PBXBuildFile section */

/* Begin PBXContainerItemProxy section */
		F5ED9A922B5C660700B54D52 /* PBXContainerItemProxy */ = {
			isa = PBXContainerItemProxy;
			containerPortal = F5ED9A792B5C660500B54D52 /* Project object */;
			proxyType = 1;
			remoteGlobalIDString = F5ED9A802B5C660500B54D52;
			remoteInfo = QuotlyApp2;
		};
		F5ED9A9C2B5C660700B54D52 /* PBXContainerItemProxy */ = {
			isa = PBXContainerItemProxy;
			containerPortal = F5ED9A792B5C660500B54D52 /* Project object */;
			proxyType = 1;
			remoteGlobalIDString = F5ED9A802B5C660500B54D52;
			remoteInfo = QuotlyApp2;
		};
/* End PBXContainerItemProxy section */

/* Begin PBXFileReference section */
		F5ED9A812B5C660500B54D52 /* QuotlyApp2.app */ = {isa = PBXFileReference; explicitFileType = wrapper.application; includeInIndex = 0; path = QuotlyApp2.app; sourceTree = BUILT_PRODUCTS_DIR; };
		F5ED9A842B5C660500B54D52 /* QuotlyApp2App.swift */ = {isa = PBXFileReference; lastKnownFileType = sourcecode.swift; path = QuotlyApp2App.swift; sourceTree = "<group>"; };
		F5ED9A862B5C660500B54D52 /* ContentView.swift */ = {isa = PBXFileReference; lastKnownFileType = sourcecode.swift; path = ContentView.swift; sourceTree = "<group>"; };
		F5ED9A882B5C660700B54D52 /* Assets.xcassets */ = {isa = PBXFileReference; lastKnownFileType = folder.assetcatalog; path = Assets.xcassets; sourceTree = "<group>"; };
		F5ED9A8B2B5C660700B54D52 /* Preview Assets.xcassets */ = {isa = PBXFileReference; lastKnownFileType = folder.assetcatalog; path = "Preview Assets.xcassets"; sourceTree = "<group>"; };
		F5ED9A912B5C660700B54D52 /* QuotlyApp2Tests.xctest */ = {isa = PBXFileReference; explicitFileType = wrapper.cfbundle; includeInIndex = 0; path = QuotlyApp2Tests.xctest; sourceTree = BUILT_PRODUCTS_DIR; };
		F5ED9A952B5C660700B54D52 /* QuotlyApp2Tests.swift */ = {isa = PBXFileReference; lastKnownFileType = sourcecode.swift; path = QuotlyApp2Tests.swift; sourceTree = "<group>"; };
		F5ED9A9B2B5C660700B54D52 /* QuotlyApp2UITests.xctest */ = {isa = PBXFileReference; explicitFileType = wrapper.cfbundle; includeInIndex = 0; path = QuotlyApp2UITests.xctest; sourceTree = BUILT_PRODUCTS_DIR; };
		F5ED9A9F2B5C660700B54D52 /* QuotlyApp2UITests.swift */ = {isa = PBXFileReference; lastKnownFileType = sourcecode.swift; path = QuotlyApp2UITests.swift; sourceTree = "<group>"; };
		F5ED9AA12B5C660700B54D52 /* QuotlyApp2UITestsLaunchTests.swift */ = {isa = PBXFileReference; lastKnownFileType = sourcecode.swift; path = QuotlyApp2UITestsLaunchTests.swift; sourceTree = "<group>"; };
		F5ED9AAE2B5C68A800B54D52 /* QuoteView.swift */ = {isa = PBXFileReference; lastKnownFileType = sourcecode.swift; path = QuoteView.swift; sourceTree = "<group>"; };
		F5ED9AB02B5C6AFF00B54D52 /* QuoteFetchResource.swift */ = {isa = PBXFileReference; lastKnownFileType = sourcecode.swift; path = QuoteFetchResource.swift; sourceTree = "<group>"; };
/* End PBXFileReference section */

/* Begin PBXFrameworksBuildPhase section */
		F5ED9A7E2B5C660500B54D52 /* Frameworks */ = {
			isa = PBXFrameworksBuildPhase;
			buildActionMask = 2147483647;
			files = (
			);
			runOnlyForDeploymentPostprocessing = 0;
		};
		F5ED9A8E2B5C660700B54D52 /* Frameworks */ = {
			isa = PBXFrameworksBuildPhase;
			buildActionMask = 2147483647;
			files = (
			);
			runOnlyForDeploymentPostprocessing = 0;
		};
		F5ED9A982B5C660700B54D52 /* Frameworks */ = {
			isa = PBXFrameworksBuildPhase;
			buildActionMask = 2147483647;
			files = (
			);
			runOnlyForDeploymentPostprocessing = 0;
		};
/* End PBXFrameworksBuildPhase section */

/* Begin PBXGroup section */
		F5ED9A782B5C660500B54D52 = {
			isa = PBXGroup;
			children = (
				F5ED9A832B5C660500B54D52 /* QuotlyApp2 */,
				F5ED9A942B5C660700B54D52 /* QuotlyApp2Tests */,
				F5ED9A9E2B5C660700B54D52 /* QuotlyApp2UITests */,
				F5ED9A822B5C660500B54D52 /* Products */,
			);
			sourceTree = "<group>";
		};
		F5ED9A822B5C660500B54D52 /* Products */ = {
			isa = PBXGroup;
			children = (
				F5ED9A812B5C660500B54D52 /* QuotlyApp2.app */,
				F5ED9A912B5C660700B54D52 /* QuotlyApp2Tests.xctest */,
				F5ED9A9B2B5C660700B54D52 /* QuotlyApp2UITests.xctest */,
			);
			name = Products;
			sourceTree = "<group>";
		};
		F5ED9A832B5C660500B54D52 /* QuotlyApp2 */ = {
			isa = PBXGroup;
			children = (
				F5ED9A842B5C660500B54D52 /* QuotlyApp2App.swift */,
				F5ED9A862B5C660500B54D52 /* ContentView.swift */,
				F5ED9AB02B5C6AFF00B54D52 /* QuoteFetchResource.swift */,
				F5ED9AAE2B5C68A800B54D52 /* QuoteView.swift */,
				F5ED9A882B5C660700B54D52 /* Assets.xcassets */,
				F5ED9A8A2B5C660700B54D52 /* Preview Content */,
			);
			path = QuotlyApp2;
			sourceTree = "<group>";
		};
		F5ED9A8A2B5C660700B54D52 /* Preview Content */ = {
			isa = PBXGroup;
			children = (
				F5ED9A8B2B5C660700B54D52 /* Preview Assets.xcassets */,
			);
			path = "Preview Content";
			sourceTree = "<group>";
		};
		F5ED9A942B5C660700B54D52 /* QuotlyApp2Tests */ = {
			isa = PBXGroup;
			children = (
				F5ED9A952B5C660700B54D52 /* QuotlyApp2Tests.swift */,
			);
			path = QuotlyApp2Tests;
			sourceTree = "<group>";
		};
		F5ED9A9E2B5C660700B54D52 /* QuotlyApp2UITests */ = {
			isa = PBXGroup;
			children = (
				F5ED9A9F2B5C660700B54D52 /* QuotlyApp2UITests.swift */,
				F5ED9AA12B5C660700B54D52 /* QuotlyApp2UITestsLaunchTests.swift */,
			);
			path = QuotlyApp2UITests;
			sourceTree = "<group>";
		};
/* End PBXGroup section */

/* Begin PBXNativeTarget section */
		F5ED9A802B5C660500B54D52 /* QuotlyApp2 */ = {
			isa = PBXNativeTarget;
			buildConfigurationList = F5ED9AA52B5C660700B54D52 /* Build configuration list for PBXNativeTarget "QuotlyApp2" */;
			buildPhases = (
				F5ED9A7D2B5C660500B54D52 /* Sources */,
				F5ED9A7E2B5C660500B54D52 /* Frameworks */,
				F5ED9A7F2B5C660500B54D52 /* Resources */,
			);
			buildRules = (
			);
			dependencies = (
			);
			name = QuotlyApp2;
			productName = QuotlyApp2;
			productReference = F5ED9A812B5C660500B54D52 /* QuotlyApp2.app */;
			productType = "com.apple.product-type.application";
		};
		F5ED9A902B5C660700B54D52 /* QuotlyApp2Tests */ = {
			isa = PBXNativeTarget;
			buildConfigurationList = F5ED9AA82B5C660700B54D52 /* Build configuration list for PBXNativeTarget "QuotlyApp2Tests" */;
			buildPhases = (
				F5ED9A8D2B5C660700B54D52 /* Sources */,
				F5ED9A8E2B5C660700B54D52 /* Frameworks */,
				F5ED9A8F2B5C660700B54D52 /* Resources */,
			);
			buildRules = (
			);
			dependencies = (
				F5ED9A932B5C660700B54D52 /* PBXTargetDependency */,
			);
			name = QuotlyApp2Tests;
			productName = QuotlyApp2Tests;
			productReference = F5ED9A912B5C660700B54D52 /* QuotlyApp2Tests.xctest */;
			productType = "com.apple.product-type.bundle.unit-test";
		};
		F5ED9A9A2B5C660700B54D52 /* QuotlyApp2UITests */ = {
			isa = PBXNativeTarget;
			buildConfigurationList = F5ED9AAB2B5C660700B54D52 /* Build configuration list for PBXNativeTarget "QuotlyApp2UITests" */;
			buildPhases = (
				F5ED9A972B5C660700B54D52 /* Sources */,
				F5ED9A982B5C660700B54D52 /* Frameworks */,
				F5ED9A992B5C660700B54D52 /* Resources */,
			);
			buildRules = (
			);
			dependencies = (
				F5ED9A9D2B5C660700B54D52 /* PBXTargetDependency */,
			);
			name = QuotlyApp2UITests;
			productName = QuotlyApp2UITests;
			productReference = F5ED9A9B2B5C660700B54D52 /* QuotlyApp2UITests.xctest */;
			productType = "com.apple.product-type.bundle.ui-testing";
		};
/* End PBXNativeTarget section */

/* Begin PBXProject section */
		F5ED9A792B5C660500B54D52 /* Project object */ = {
			isa = PBXProject;
			attributes = {
				BuildIndependentTargetsInParallel = 1;
				LastSwiftUpdateCheck = 1520;
				LastUpgradeCheck = 1520;
				TargetAttributes = {
					F5ED9A802B5C660500B54D52 = {
						CreatedOnToolsVersion = 15.2;
					};
					F5ED9A902B5C660700B54D52 = {
						CreatedOnToolsVersion = 15.2;
						TestTargetID = F5ED9A802B5C660500B54D52;
					};
					F5ED9A9A2B5C660700B54D52 = {
						CreatedOnToolsVersion = 15.2;
						TestTargetID = F5ED9A802B5C660500B54D52;
					};
				};
			};
			buildConfigurationList = F5ED9A7C2B5C660500B54D52 /* Build configuration list for PBXProject "QuotlyApp2" */;
			compatibilityVersion = "Xcode 14.0";
			developmentRegion = en;
			hasScannedForEncodings = 0;
			knownRegions = (
				en,
				Base,
			);
			mainGroup = F5ED9A782B5C660500B54D52;
			productRefGroup = F5ED9A822B5C660500B54D52 /* Products */;
			projectDirPath = "";
			projectRoot = "";
			targets = (
				F5ED9A802B5C660500B54D52 /* QuotlyApp2 */,
				F5ED9A902B5C660700B54D52 /* QuotlyApp2Tests */,
				F5ED9A9A2B5C660700B54D52 /* QuotlyApp2UITests */,
			);
		};
/* End PBXProject section */

/* Begin PBXResourcesBuildPhase section */
		F5ED9A7F2B5C660500B54D52 /* Resources */ = {
			isa = PBXResourcesBuildPhase;
			buildActionMask = 2147483647;
			files = (
				F5ED9A8C2B5C660700B54D52 /* Preview Assets.xcassets in Resources */,
				F5ED9A892B5C660700B54D52 /* Assets.xcassets in Resources */,
			);
			runOnlyForDeploymentPostprocessing = 0;
		};
		F5ED9A8F2B5C660700B54D52 /* Resources */ = {
			isa = PBXResourcesBuildPhase;
			buildActionMask = 2147483647;
			files = (
			);
			runOnlyForDeploymentPostprocessing = 0;
		};
		F5ED9A992B5C660700B54D52 /* Resources */ = {
			isa = PBXResourcesBuildPhase;
			buildActionMask = 2147483647;
			files = (
			);
			runOnlyForDeploymentPostprocessing = 0;
		};
/* End PBXResourcesBuildPhase section */

/* Begin PBXSourcesBuildPhase section */
		F5ED9A7D2B5C660500B54D52 /* Sources */ = {
			isa = PBXSourcesBuildPhase;
			buildActionMask = 2147483647;
			files = (
				F5ED9A872B5C660500B54D52 /* ContentView.swift in Sources */,
				F5ED9AAF2B5C68A800B54D52 /* QuoteView.swift in Sources */,
				F5ED9A852B5C660500B54D52 /* QuotlyApp2App.swift in Sources */,
				F5ED9AB12B5C6AFF00B54D52 /* QuoteFetchResource.swift in Sources */,
			);
			runOnlyForDeploymentPostprocessing = 0;
		};
		F5ED9A8D2B5C660700B54D52 /* Sources */ = {
			isa = PBXSourcesBuildPhase;
			buildActionMask = 2147483647;
			files = (
				F5ED9A962B5C660700B54D52 /* QuotlyApp2Tests.swift in Sources */,
			);
			runOnlyForDeploymentPostprocessing = 0;
		};
		F5ED9A972B5C660700B54D52 /* Sources */ = {
			isa = PBXSourcesBuildPhase;
			buildActionMask = 2147483647;
			files = (
				F5ED9AA02B5C660700B54D52 /* QuotlyApp2UITests.swift in Sources */,
				F5ED9AA22B5C660700B54D52 /* QuotlyApp2UITestsLaunchTests.swift in Sources */,
			);
			runOnlyForDeploymentPostprocessing = 0;
		};
/* End PBXSourcesBuildPhase section */

/* Begin PBXTargetDependency section */
		F5ED9A932B5C660700B54D52 /* PBXTargetDependency */ = {
			isa = PBXTargetDependency;
			target = F5ED9A802B5C660500B54D52 /* QuotlyApp2 */;
			targetProxy = F5ED9A922B5C660700B54D52 /* PBXContainerItemProxy */;
		};
		F5ED9A9D2B5C660700B54D52 /* PBXTargetDependency */ = {
			isa = PBXTargetDependency;
			target = F5ED9A802B5C660500B54D52 /* QuotlyApp2 */;
			targetProxy = F5ED9A9C2B5C660700B54D52 /* PBXContainerItemProxy */;
		};
/* End PBXTargetDependency section */

/* Begin XCBuildConfiguration section */
		F5ED9AA32B5C660700B54D52 /* Debug */ = {
			isa = XCBuildConfiguration;
			buildSettings = {
				ALWAYS_SEARCH_USER_PATHS = NO;
				ASSETCATALOG_COMPILER_GENERATE_SWIFT_ASSET_SYMBOL_EXTENSIONS = YES;
				CLANG_ANALYZER_NONNULL = YES;
				CLANG_ANALYZER_NUMBER_OBJECT_CONVERSION = YES_AGGRESSIVE;
				CLANG_CXX_LANGUAGE_STANDARD = "gnu++20";
				CLANG_ENABLE_MODULES = YES;
				CLANG_ENABLE_OBJC_ARC = YES;
				CLANG_ENABLE_OBJC_WEAK = YES;
				CLANG_WARN_BLOCK_CAPTURE_AUTORELEASING = YES;
				CLANG_WARN_BOOL_CONVERSION = YES;
				CLANG_WARN_COMMA = YES;
				CLANG_WARN_CONSTANT_CONVERSION = YES;
				CLANG_WARN_DEPRECATED_OBJC_IMPLEMENTATIONS = YES;
				CLANG_WARN_DIRECT_OBJC_ISA_USAGE = YES_ERROR;
				CLANG_WARN_DOCUMENTATION_COMMENTS = YES;
				CLANG_WARN_EMPTY_BODY = YES;
				CLANG_WARN_ENUM_CONVERSION = YES;
				CLANG_WARN_INFINITE_RECURSION = YES;
				CLANG_WARN_INT_CONVERSION = YES;
				CLANG_WARN_NON_LITERAL_NULL_CONVERSION = YES;
				CLANG_WARN_OBJC_IMPLICIT_RETAIN_SELF = YES;
				CLANG_WARN_OBJC_LITERAL_CONVERSION = YES;
				CLANG_WARN_OBJC_ROOT_CLASS = YES_ERROR;
				CLANG_WARN_QUOTED_INCLUDE_IN_FRAMEWORK_HEADER = YES;
				CLANG_WARN_RANGE_LOOP_ANALYSIS = YES;
				CLANG_WARN_STRICT_PROTOTYPES = YES;
				CLANG_WARN_SUSPICIOUS_MOVE = YES;
				CLANG_WARN_UNGUARDED_AVAILABILITY = YES_AGGRESSIVE;
				CLANG_WARN_UNREACHABLE_CODE = YES;
				CLANG_WARN__DUPLICATE_METHOD_MATCH = YES;
				COPY_PHASE_STRIP = NO;
				DEBUG_INFORMATION_FORMAT = dwarf;
				ENABLE_STRICT_OBJC_MSGSEND = YES;
				ENABLE_TESTABILITY = YES;
				ENABLE_USER_SCRIPT_SANDBOXING = YES;
				GCC_C_LANGUAGE_STANDARD = gnu17;
				GCC_DYNAMIC_NO_PIC = NO;
				GCC_NO_COMMON_BLOCKS = YES;
				GCC_OPTIMIZATION_LEVEL = 0;
				GCC_PREPROCESSOR_DEFINITIONS = (
					"DEBUG=1",
					"$(inherited)",
				);
				GCC_WARN_64_TO_32_BIT_CONVERSION = YES;
				GCC_WARN_ABOUT_RETURN_TYPE = YES_ERROR;
				GCC_WARN_UNDECLARED_SELECTOR = YES;
				GCC_WARN_UNINITIALIZED_AUTOS = YES_AGGRESSIVE;
				GCC_WARN_UNUSED_FUNCTION = YES;
				GCC_WARN_UNUSED_VARIABLE = YES;
				IPHONEOS_DEPLOYMENT_TARGET = 17.2;
				LOCALIZATION_PREFERS_STRING_CATALOGS = YES;
				MTL_ENABLE_DEBUG_INFO = INCLUDE_SOURCE;
				MTL_FAST_MATH = YES;
				ONLY_ACTIVE_ARCH = YES;
				SDKROOT = iphoneos;
				SWIFT_ACTIVE_COMPILATION_CONDITIONS = "DEBUG $(inherited)";
				SWIFT_OPTIMIZATION_LEVEL = "-Onone";
			};
			name = Debug;
		};
		F5ED9AA42B5C660700B54D52 /* Release */ = {
			isa = XCBuildConfiguration;
			buildSettings = {
				ALWAYS_SEARCH_USER_PATHS = NO;
				ASSETCATALOG_COMPILER_GENERATE_SWIFT_ASSET_SYMBOL_EXTENSIONS = YES;
				CLANG_ANALYZER_NONNULL = YES;
				CLANG_ANALYZER_NUMBER_OBJECT_CONVERSION = YES_AGGRESSIVE;
				CLANG_CXX_LANGUAGE_STANDARD = "gnu++20";
				CLANG_ENABLE_MODULES = YES;
				CLANG_ENABLE_OBJC_ARC = YES;
				CLANG_ENABLE_OBJC_WEAK = YES;
				CLANG_WARN_BLOCK_CAPTURE_AUTORELEASING = YES;
				CLANG_WARN_BOOL_CONVERSION = YES;
				CLANG_WARN_COMMA = YES;
				CLANG_WARN_CONSTANT_CONVERSION = YES;
				CLANG_WARN_DEPRECATED_OBJC_IMPLEMENTATIONS = YES;
				CLANG_WARN_DIRECT_OBJC_ISA_USAGE = YES_ERROR;
				CLANG_WARN_DOCUMENTATION_COMMENTS = YES;
				CLANG_WARN_EMPTY_BODY = YES;
				CLANG_WARN_ENUM_CONVERSION = YES;
				CLANG_WARN_INFINITE_RECURSION = YES;
				CLANG_WARN_INT_CONVERSION = YES;
				CLANG_WARN_NON_LITERAL_NULL_CONVERSION = YES;
				CLANG_WARN_OBJC_IMPLICIT_RETAIN_SELF = YES;
				CLANG_WARN_OBJC_LITERAL_CONVERSION = YES;
				CLANG_WARN_OBJC_ROOT_CLASS = YES_ERROR;
				CLANG_WARN_QUOTED_INCLUDE_IN_FRAMEWORK_HEADER = YES;
				CLANG_WARN_RANGE_LOOP_ANALYSIS = YES;
				CLANG_WARN_STRICT_PROTOTYPES = YES;
				CLANG_WARN_SUSPICIOUS_MOVE = YES;
				CLANG_WARN_UNGUARDED_AVAILABILITY = YES_AGGRESSIVE;
				CLANG_WARN_UNREACHABLE_CODE = YES;
				CLANG_WARN__DUPLICATE_METHOD_MATCH = YES;
				COPY_PHASE_STRIP = NO;
				DEBUG_INFORMATION_FORMAT = "dwarf-with-dsym";
				ENABLE_NS_ASSERTIONS = NO;
				ENABLE_STRICT_OBJC_MSGSEND = YES;
				ENABLE_USER_SCRIPT_SANDBOXING = YES;
				GCC_C_LANGUAGE_STANDARD = gnu17;
				GCC_NO_COMMON_BLOCKS = YES;
				GCC_WARN_64_TO_32_BIT_CONVERSION = YES;
				GCC_WARN_ABOUT_RETURN_TYPE = YES_ERROR;
				GCC_WARN_UNDECLARED_SELECTOR = YES;
				GCC_WARN_UNINITIALIZED_AUTOS = YES_AGGRESSIVE;
				GCC_WARN_UNUSED_FUNCTION = YES;
				GCC_WARN_UNUSED_VARIABLE = YES;
				IPHONEOS_DEPLOYMENT_TARGET = 17.2;
				LOCALIZATION_PREFERS_STRING_CATALOGS = YES;
				MTL_ENABLE_DEBUG_INFO = NO;
				MTL_FAST_MATH = YES;
				SDKROOT = iphoneos;
				SWIFT_COMPILATION_MODE = wholemodule;
				VALIDATE_PRODUCT = YES;
			};
			name = Release;
		};
		F5ED9AA62B5C660700B54D52 /* Debug */ = {
			isa = XCBuildConfiguration;
			buildSettings = {
				ASSETCATALOG_COMPILER_APPICON_NAME = AppIcon;
				ASSETCATALOG_COMPILER_GLOBAL_ACCENT_COLOR_NAME = AccentColor;
				CODE_SIGN_STYLE = Automatic;
				CURRENT_PROJECT_VERSION = 1;
				DEVELOPMENT_ASSET_PATHS = "\"QuotlyApp2/Preview Content\"";
				DEVELOPMENT_TEAM = 6NN39GMNRV;
				ENABLE_PREVIEWS = YES;
				GENERATE_INFOPLIST_FILE = YES;
				INFOPLIST_KEY_UIApplicationSceneManifest_Generation = YES;
				INFOPLIST_KEY_UIApplicationSupportsIndirectInputEvents = YES;
				INFOPLIST_KEY_UILaunchScreen_Generation = YES;
				INFOPLIST_KEY_UISupportedInterfaceOrientations_iPad = "UIInterfaceOrientationPortrait UIInterfaceOrientationPortraitUpsideDown UIInterfaceOrientationLandscapeLeft UIInterfaceOrientationLandscapeRight";
				INFOPLIST_KEY_UISupportedInterfaceOrientations_iPhone = "UIInterfaceOrientationPortrait UIInterfaceOrientationLandscapeLeft UIInterfaceOrientationLandscapeRight";
				LD_RUNPATH_SEARCH_PATHS = (
					"$(inherited)",
					"@executable_path/Frameworks",
				);
				MARKETING_VERSION = 1.0;
				PRODUCT_BUNDLE_IDENTIFIER = com.rachitpti.QuotlyApp2;
				PRODUCT_NAME = "$(TARGET_NAME)";
				SWIFT_EMIT_LOC_STRINGS = YES;
				SWIFT_VERSION = 5.0;
				TARGETED_DEVICE_FAMILY = "1,2";
			};
			name = Debug;
		};
		F5ED9AA72B5C660700B54D52 /* Release */ = {
			isa = XCBuildConfiguration;
			buildSettings = {
				ASSETCATALOG_COMPILER_APPICON_NAME = AppIcon;
				ASSETCATALOG_COMPILER_GLOBAL_ACCENT_COLOR_NAME = AccentColor;
				CODE_SIGN_STYLE = Automatic;
				CURRENT_PROJECT_VERSION = 1;
				DEVELOPMENT_ASSET_PATHS = "\"QuotlyApp2/Preview Content\"";
				DEVELOPMENT_TEAM = 6NN39GMNRV;
				ENABLE_PREVIEWS = YES;
				GENERATE_INFOPLIST_FILE = YES;
				INFOPLIST_KEY_UIApplicationSceneManifest_Generation = YES;
				INFOPLIST_KEY_UIApplicationSupportsIndirectInputEvents = YES;
				INFOPLIST_KEY_UILaunchScreen_Generation = YES;
				INFOPLIST_KEY_UISupportedInterfaceOrientations_iPad = "UIInterfaceOrientationPortrait UIInterfaceOrientationPortraitUpsideDown UIInterfaceOrientationLandscapeLeft UIInterfaceOrientationLandscapeRight";
				INFOPLIST_KEY_UISupportedInterfaceOrientations_iPhone = "UIInterfaceOrientationPortrait UIInterfaceOrientationLandscapeLeft UIInterfaceOrientationLandscapeRight";
				LD_RUNPATH_SEARCH_PATHS = (
					"$(inherited)",
					"@executable_path/Frameworks",
				);
				MARKETING_VERSION = 1.0;
				PRODUCT_BUNDLE_IDENTIFIER = com.rachitpti.QuotlyApp2;
				PRODUCT_NAME = "$(TARGET_NAME)";
				SWIFT_EMIT_LOC_STRINGS = YES;
				SWIFT_VERSION = 5.0;
				TARGETED_DEVICE_FAMILY = "1,2";
			};
			name = Release;
		};
		F5ED9AA92B5C660700B54D52 /* Debug */ = {
			isa = XCBuildConfiguration;
			buildSettings = {
				ALWAYS_EMBED_SWIFT_STANDARD_LIBRARIES = YES;
				BUNDLE_LOADER = "$(TEST_HOST)";
				CODE_SIGN_STYLE = Automatic;
				CURRENT_PROJECT_VERSION = 1;
				DEVELOPMENT_TEAM = 6NN39GMNRV;
				GENERATE_INFOPLIST_FILE = YES;
				IPHONEOS_DEPLOYMENT_TARGET = 17.2;
				MARKETING_VERSION = 1.0;
				PRODUCT_BUNDLE_IDENTIFIER = com.rachitpti.QuotlyApp2Tests;
				PRODUCT_NAME = "$(TARGET_NAME)";
				SWIFT_EMIT_LOC_STRINGS = NO;
				SWIFT_VERSION = 5.0;
				TARGETED_DEVICE_FAMILY = "1,2";
				TEST_HOST = "$(BUILT_PRODUCTS_DIR)/QuotlyApp2.app/$(BUNDLE_EXECUTABLE_FOLDER_PATH)/QuotlyApp2";
			};
			name = Debug;
		};
		F5ED9AAA2B5C660700B54D52 /* Release */ = {
			isa = XCBuildConfiguration;
			buildSettings = {
				ALWAYS_EMBED_SWIFT_STANDARD_LIBRARIES = YES;
				BUNDLE_LOADER = "$(TEST_HOST)";
				CODE_SIGN_STYLE = Automatic;
				CURRENT_PROJECT_VERSION = 1;
				DEVELOPMENT_TEAM = 6NN39GMNRV;
				GENERATE_INFOPLIST_FILE = YES;
				IPHONEOS_DEPLOYMENT_TARGET = 17.2;
				MARKETING_VERSION = 1.0;
				PRODUCT_BUNDLE_IDENTIFIER = com.rachitpti.QuotlyApp2Tests;
				PRODUCT_NAME = "$(TARGET_NAME)";
				SWIFT_EMIT_LOC_STRINGS = NO;
				SWIFT_VERSION = 5.0;
				TARGETED_DEVICE_FAMILY = "1,2";
				TEST_HOST = "$(BUILT_PRODUCTS_DIR)/QuotlyApp2.app/$(BUNDLE_EXECUTABLE_FOLDER_PATH)/QuotlyApp2";
			};
			name = Release;
		};
		F5ED9AAC2B5C660700B54D52 /* Debug */ = {
			isa = XCBuildConfiguration;
			buildSettings = {
				ALWAYS_EMBED_SWIFT_STANDARD_LIBRARIES = YES;
				CODE_SIGN_STYLE = Automatic;
				CURRENT_PROJECT_VERSION = 1;
				DEVELOPMENT_TEAM = 6NN39GMNRV;
				GENERATE_INFOPLIST_FILE = YES;
				MARKETING_VERSION = 1.0;
				PRODUCT_BUNDLE_IDENTIFIER = com.rachitpti.QuotlyApp2UITests;
				PRODUCT_NAME = "$(TARGET_NAME)";
				SWIFT_EMIT_LOC_STRINGS = NO;
				SWIFT_VERSION = 5.0;
				TARGETED_DEVICE_FAMILY = "1,2";
				TEST_TARGET_NAME = QuotlyApp2;
			};
			name = Debug;
		};
		F5ED9AAD2B5C660700B54D52 /* Release */ = {
			isa = XCBuildConfiguration;
			buildSettings = {
				ALWAYS_EMBED_SWIFT_STANDARD_LIBRARIES = YES;
				CODE_SIGN_STYLE = Automatic;
				CURRENT_PROJECT_VERSION = 1;
				DEVELOPMENT_TEAM = 6NN39GMNRV;
				GENERATE_INFOPLIST_FILE = YES;
				MARKETING_VERSION = 1.0;
				PRODUCT_BUNDLE_IDENTIFIER = com.rachitpti.QuotlyApp2UITests;
				PRODUCT_NAME = "$(TARGET_NAME)";
				SWIFT_EMIT_LOC_STRINGS = NO;
				SWIFT_VERSION = 5.0;
				TARGETED_DEVICE_FAMILY = "1,2";
				TEST_TARGET_NAME = QuotlyApp2;
			};
			name = Release;
		};
/* End XCBuildConfiguration section */

/* Begin XCConfigurationList section */
		F5ED9A7C2B5C660500B54D52 /* Build configuration list for PBXProject "QuotlyApp2" */ = {
			isa = XCConfigurationList;
			buildConfigurations = (
				F5ED9AA32B5C660700B54D52 /* Debug */,
				F5ED9AA42B5C660700B54D52 /* Release */,
			);
			defaultConfigurationIsVisible = 0;
			defaultConfigurationName = Release;
		};
		F5ED9AA52B5C660700B54D52 /* Build configuration list for PBXNativeTarget "QuotlyApp2" */ = {
			isa = XCConfigurationList;
			buildConfigurations = (
				F5ED9AA62B5C660700B54D52 /* Debug */,
				F5ED9AA72B5C660700B54D52 /* Release */,
			);
			defaultConfigurationIsVisible = 0;
			defaultConfigurationName = Release;
		};
		F5ED9AA82B5C660700B54D52 /* Build configuration list for PBXNativeTarget "QuotlyApp2Tests" */ = {
			isa = XCConfigurationList;
			buildConfigurations = (
				F5ED9AA92B5C660700B54D52 /* Debug */,
				F5ED9AAA2B5C660700B54D52 /* Release */,
			);
			defaultConfigurationIsVisible = 0;
			defaultConfigurationName = Release;
		};
		F5ED9AAB2B5C660700B54D52 /* Build configuration list for PBXNativeTarget "QuotlyApp2UITests" */ = {
			isa = XCConfigurationList;
			buildConfigurations = (
				F5ED9AAC2B5C660700B54D52 /* Debug */,
				F5ED9AAD2B5C660700B54D52 /* Release */,
			);
			defaultConfigurationIsVisible = 0;
			defaultConfigurationName = Release;
		};
/* End XCConfigurationList section */
	};
	rootObject = F5ED9A792B5C660500B54D52 /* Project object */;
}
